
Microsoft Visual Studio Solution File, Format Version 12.00
# Visual Studio Version 16
VisualStudioVersion = 16.0.31911.196
MinimumVisualStudioVersion = 10.0.40219.1
Project("{FAE04EC0-301F-11D3-BF4B-00C04F79EFBC}") = "prjController", "prjController\prjController.csproj", "{76F12CC9-0AB3-4697-B87C-0278C5AB5D5B}"
EndProject
Global
	GlobalSection(SolutionConfigurationPlatforms) = preSolution
		Debug|Any CPU = Debug|Any CPU
		Release|Any CPU = Release|Any CPU
	EndGlobalSection
	GlobalSection(ProjectConfigurationPlatforms) = postSolution
		{76F12CC9-0AB3-4697-B87C-0278C5AB5D5B}.Debug|Any CPU.ActiveCfg = Debug|Any CPU
		{76F12CC9-0AB3-4697-B87C-0278C5AB5D5B}.Debug|Any CPU.Build.0 = Debug|Any CPU
		{76F12CC9-0AB3-4697-B87C-0278C5AB5D5B}.Release|Any CPU.ActiveCfg = Release|Any CPU
		{76F12CC9-0AB3-4697-B87C-0278C5AB5D5B}.Release|Any CPU.Build.0 = Release|Any CPU
	EndGlobalSection
	GlobalSection(SolutionProperties) = preSolution
		HideSolutionNode = FALSE
	EndGlobalSection
	GlobalSection(ExtensibilityGlobals) = postSolution
		SolutionGuid = {BEF4DD55-04BD-437F-A46E-B8E5F63A975C}
	EndGlobalSection
EndGlobal
